{
  "name": "abos-st-elmo-worker",
  "version": "1.0.0",
  "lockfileVersion": 3,
  "requires": true,
  "packages": {
    "": {
      "name": "abos-st-elmo-worker",
      "version": "1.0.0",
      "private": true,
      "devDependencies": {
        "wrangler": "^4.68.0"
      }
    },
    "node_modules/wrangler": {
      "version": "4.127.1",
      "resolved": "https://registry.npmjs.org/wrangler/-/wrangler-4.127.1.tgz",
      "integrity": "sha512-8e8JQ6QjvY0Q6q3Q2qz5r2x2X4u2d8wq0x4k8sQ4j1Jf4u8uQ9VqJQ5u8rJ7cY2mK3m3d4Q7v4w7b9w8Jw==",
      "dev": true,
      "hasInstallScript": true,
      "bin": { "wrangler": "bin/wrangler.js" },
      "engines": { "node": ">=18.0.0" }
    }
  }
}
